
Microsoft Visual Studio Solution File, Format Version 12.00
# Visual Studio Version 17
VisualStudioVersion = 17.4.33205.214
MinimumVisualStudioVersion = 10.0.40219.1
Project("{D2ABAB84-BF74-430A-B69E-9DC6D40DDA17}") = "Cube", "Cube\Cube.dwproj", "{F03E58FC-3AC5-4E7E-8F83-6C21D1864737}"
EndProject
Global
	GlobalSection(SolutionConfigurationPlatforms) = preSolution
		Development|Default = Development|Default
	EndGlobalSection
	GlobalSection(ProjectConfigurationPlatforms) = postSolution
		{F03E58FC-3AC5-4E7E-8F83-6C21D1864737}.Development|Default.ActiveCfg = Development
		{F03E58FC-3AC5-4E7E-8F83-6C21D1864737}.Development|Default.Build.0 = Development
		{F03E58FC-3AC5-4E7E-8F83-6C21D1864737}.Development|Default.Deploy.0 = Development
	EndGlobalSection
	GlobalSection(SolutionProperties) = preSolution
		HideSolutionNode = FALSE
	EndGlobalSection
	GlobalSection(ExtensibilityGlobals) = postSolution
		SolutionGuid = {39A1DE10-D125-4F33-86D5-BCCE079DE492}
	EndGlobalSection
EndGlobal
